// !$*UTF8*$!
{
	archiveVersion = 1;
	classes = {
	};
	objectVersion = 50;
	objects = {

/* Begin PBXBuildFile section */
		AB0403B626C3BC56007FEBD7 /* AppDelegate.swift in Sources */ = {isa = PBXBuildFile; fileRef = AB0403B526C3BC56007FEBD7 /* AppDelegate.swift */; };
		AB0403BF26C3BC58007FEBD7 /* Assets.xcassets in Resources */ = {isa = PBXBuildFile; fileRef = AB0403BE26C3BC58007FEBD7 /* Assets.xcassets */; };
		AB0403C226C3BC58007FEBD7 /* LaunchScreen.storyboard in Resources */ = {isa = PBXBuildFile; fileRef = AB0403C026C3BC58007FEBD7 /* LaunchScreen.storyboard */; };
		AB0403D126C3BCBC007FEBD7 /* MainViewController.swift in Sources */ = {isa = PBXBuildFile; fileRef = AB0403D026C3BCBC007FEBD7 /* MainViewController.swift */; };
		AB0403D426C3BCCD007FEBD7 /* CurrencyCell.swift in Sources */ = {isa = PBXBuildFile; fileRef = AB0403D326C3BCCD007FEBD7 /* CurrencyCell.swift */; };
/* End PBXBuildFile section */

/* Begin PBXFileReference section */
		AB0403B226C3BC56007FEBD7 /* CurrencyListTest.app */ = {isa = PBXFileReference; explicitFileType = wrapper.application; includeInIndex = 0; path = CurrencyListTest.app; sourceTree = BUILT_PRODUCTS_DIR; };
		AB0403B526C3BC56007FEBD7 /* AppDelegate.swift */ = {isa = PBXFileReference; lastKnownFileType = sourcecode.swift; path = AppDelegate.swift; sourceTree = "<group>"; };
		AB0403BE26C3BC58007FEBD7 /* Assets.xcassets */ = {isa = PBXFileReference; lastKnownFileType = folder.assetcatalog; path = Assets.xcassets; sourceTree = "<group>"; };
		AB0403C126C3BC58007FEBD7 /* Base */ = {isa = PBXFileReference; lastKnownFileType = file.storyboard; name = Base; path = Base.lproj/LaunchScreen.storyboard; sourceTree = "<group>"; };
		AB0403C326C3BC58007FEBD7 /* Info.plist */ = {isa = PBXFileReference; lastKnownFileType = text.plist.xml; path = Info.plist; sourceTree = "<group>"; };
		AB0403D026C3BCBC007FEBD7 /* MainViewController.swift */ = {isa = PBXFileReference; lastKnownFileType = sourcecode.swift; path = MainViewController.swift; sourceTree = "<group>"; };
		AB0403D326C3BCCD007FEBD7 /* CurrencyCell.swift */ = {isa = PBXFileReference; lastKnownFileType = sourcecode.swift; path = CurrencyCell.swift; sourceTree = "<group>"; };
/* End PBXFileReference section */

/* Begin PBXFrameworksBuildPhase section */
		AB0403AF26C3BC56007FEBD7 /* Frameworks */ = {
			isa = PBXFrameworksBuildPhase;
			buildActionMask = 2147483647;
			files = (
			);
			runOnlyForDeploymentPostprocessing = 0;
		};
/* End PBXFrameworksBuildPhase section */

/* Begin PBXGroup section */
		AB0403A926C3BC56007FEBD7 = {
			isa = PBXGroup;
			children = (
				AB0403B426C3BC56007FEBD7 /* CurrencyListTest */,
				AB0403B326C3BC56007FEBD7 /* Products */,
			);
			sourceTree = "<group>";
		};
		AB0403B326C3BC56007FEBD7 /* Products */ = {
			isa = PBXGroup;
			children = (
				AB0403B226C3BC56007FEBD7 /* CurrencyListTest.app */,
			);
			name = Products;
			sourceTree = "<group>";
		};
		AB0403B426C3BC56007FEBD7 /* CurrencyListTest */ = {
			isa = PBXGroup;
			children = (
				AB0403CF26C3BC9E007FEBD7 /* Managers */,
				AB0403CE26C3BC98007FEBD7 /* Views */,
				AB0403CD26C3BC8F007FEBD7 /* SupportingFiles */,
			);
			path = CurrencyListTest;
			sourceTree = "<group>";
		};
		AB0403CD26C3BC8F007FEBD7 /* SupportingFiles */ = {
			isa = PBXGroup;
			children = (
				AB0403BE26C3BC58007FEBD7 /* Assets.xcassets */,
				AB0403B526C3BC56007FEBD7 /* AppDelegate.swift */,
				AB0403C326C3BC58007FEBD7 /* Info.plist */,
			);
			path = SupportingFiles;
			sourceTree = "<group>";
		};
		AB0403CE26C3BC98007FEBD7 /* Views */ = {
			isa = PBXGroup;
			children = (
				AB0403C026C3BC58007FEBD7 /* LaunchScreen.storyboard */,
				AB0403D026C3BCBC007FEBD7 /* MainViewController.swift */,
				AB0403D326C3BCCD007FEBD7 /* CurrencyCell.swift */,
			);
			path = Views;
			sourceTree = "<group>";
		};
		AB0403CF26C3BC9E007FEBD7 /* Managers */ = {
			isa = PBXGroup;
			children = (
			);
			path = Managers;
			sourceTree = "<group>";
		};
/* End PBXGroup section */

/* Begin PBXNativeTarget section */
		AB0403B126C3BC56007FEBD7 /* CurrencyListTest */ = {
			isa = PBXNativeTarget;
			buildConfigurationList = AB0403C626C3BC58007FEBD7 /* Build configuration list for PBXNativeTarget "CurrencyListTest" */;
			buildPhases = (
				AB0403AE26C3BC56007FEBD7 /* Sources */,
				AB0403AF26C3BC56007FEBD7 /* Frameworks */,
				AB0403B026C3BC56007FEBD7 /* Resources */,
			);
			buildRules = (
			);
			dependencies = (
			);
			name = CurrencyListTest;
			productName = CurrencyListTest;
			productReference = AB0403B226C3BC56007FEBD7 /* CurrencyListTest.app */;
			productType = "com.apple.product-type.application";
		};
/* End PBXNativeTarget section */

/* Begin PBXProject section */
		AB0403AA26C3BC56007FEBD7 /* Project object */ = {
			isa = PBXProject;
			attributes = {
				LastSwiftUpdateCheck = 1240;
				LastUpgradeCheck = 1240;
				TargetAttributes = {
					AB0403B126C3BC56007FEBD7 = {
						CreatedOnToolsVersion = 12.4;
					};
				};
			};
			buildConfigurationList = AB0403AD26C3BC56007FEBD7 /* Build configuration list for PBXProject "CurrencyListTest" */;
			compatibilityVersion = "Xcode 9.3";
			developmentRegion = en;
			hasScannedForEncodings = 0;
			knownRegions = (
				en,
				Base,
			);
			mainGroup = AB0403A926C3BC56007FEBD7;
			productRefGroup = AB0403B326C3BC56007FEBD7 /* Products */;
			projectDirPath = "";
			projectRoot = "";
			targets = (
				AB0403B126C3BC56007FEBD7 /* CurrencyListTest */,
			);
		};
/* End PBXProject section */

/* Begin PBXResourcesBuildPhase section */
		AB0403B026C3BC56007FEBD7 /* Resources */ = {
			isa = PBXResourcesBuildPhase;
			buildActionMask = 2147483647;
			files = (
				AB0403C226C3BC58007FEBD7 /* LaunchScreen.storyboard in Resources */,
				AB0403BF26C3BC58007FEBD7 /* Assets.xcassets in Resources */,
			);
			runOnlyForDeploymentPostprocessing = 0;
		};
/* End PBXResourcesBuildPhase section */

/* Begin PBXSourcesBuildPhase section */
		AB0403AE26C3BC56007FEBD7 /* Sources */ = {
			isa = PBXSourcesBuildPhase;
			buildActionMask = 2147483647;
			files = (
				AB0403D426C3BCCD007FEBD7 /* CurrencyCell.swift in Sources */,
				AB0403B626C3BC56007FEBD7 /* AppDelegate.swift in Sources */,
				AB0403D126C3BCBC007FEBD7 /* MainViewController.swift in Sources */,
			);
			runOnlyForDeploymentPostprocessing = 0;
		};
/* End PBXSourcesBuildPhase section */

/* Begin PBXVariantGroup section */
		AB0403C026C3BC58007FEBD7 /* LaunchScreen.storyboard */ = {
			isa = PBXVariantGroup;
			children = (
				AB0403C126C3BC58007FEBD7 /* Base */,
			);
			name = LaunchScreen.storyboard;
			sourceTree = "<group>";
		};
/* End PBXVariantGroup section */

/* Begin XCBuildConfiguration section */
		AB0403C426C3BC58007FEBD7 /* Debug */ = {
			isa = XCBuildConfiguration;
			buildSettings = {
				ALWAYS_SEARCH_USER_PATHS = NO;
				CLANG_ANALYZER_NONNULL = YES;
				CLANG_ANALYZER_NUMBER_OBJECT_CONVERSION = YES_AGGRESSIVE;
				CLANG_CXX_LANGUAGE_STANDARD = "gnu++14";
				CLANG_CXX_LIBRARY = "libc++";
				CLANG_ENABLE_MODULES = YES;
				CLANG_ENABLE_OBJC_ARC = YES;
				CLANG_ENABLE_OBJC_WEAK = YES;
				CLANG_WARN_BLOCK_CAPTURE_AUTORELEASING = YES;
				CLANG_WARN_BOOL_CONVERSION = YES;
				CLANG_WARN_COMMA = YES;
				CLANG_WARN_CONSTANT_CONVERSION = YES;
				CLANG_WARN_DEPRECATED_OBJC_IMPLEMENTATIONS = YES;
				CLANG_WARN_DIRECT_OBJC_ISA_USAGE = YES_ERROR;
				CLANG_WARN_DOCUMENTATION_COMMENTS = YES;
				CLANG_WARN_EMPTY_BODY = YES;
				CLANG_WARN_ENUM_CONVERSION = YES;
				CLANG_WARN_INFINITE_RECURSION = YES;
				CLANG_WARN_INT_CONVERSION = YES;
				CLANG_WARN_NON_LITERAL_NULL_CONVERSION = YES;
				CLANG_WARN_OBJC_IMPLICIT_RETAIN_SELF = YES;
				CLANG_WARN_OBJC_LITERAL_CONVERSION = YES;
				CLANG_WARN_OBJC_ROOT_CLASS = YES_ERROR;
				CLANG_WARN_QUOTED_INCLUDE_IN_FRAMEWORK_HEADER = YES;
				CLANG_WARN_RANGE_LOOP_ANALYSIS = YES;
				CLANG_WARN_STRICT_PROTOTYPES = YES;
				CLANG_WARN_SUSPICIOUS_MOVE = YES;
				CLANG_WARN_UNGUARDED_AVAILABILITY = YES_AGGRESSIVE;
				CLANG_WARN_UNREACHABLE_CODE = YES;
				CLANG_WARN__DUPLICATE_METHOD_MATCH = YES;
				COPY_PHASE_STRIP = NO;
				DEBUG_INFORMATION_FORMAT = dwarf;
				ENABLE_STRICT_OBJC_MSGSEND = YES;
				ENABLE_TESTABILITY = YES;
				GCC_C_LANGUAGE_STANDARD = gnu11;
				GCC_DYNAMIC_NO_PIC = NO;
				GCC_NO_COMMON_BLOCKS = YES;
				GCC_OPTIMIZATION_LEVEL = 0;
				GCC_PREPROCESSOR_DEFINITIONS = (
					"DEBUG=1",
					"$(inherited)",
				);
				GCC_WARN_64_TO_32_BIT_CONVERSION = YES;
				GCC_WARN_ABOUT_RETURN_TYPE = YES_ERROR;
				GCC_WARN_UNDECLARED_SELECTOR = YES;
				GCC_WARN_UNINITIALIZED_AUTOS = YES_AGGRESSIVE;
				GCC_WARN_UNUSED_FUNCTION = YES;
				GCC_WARN_UNUSED_VARIABLE = YES;
				IPHONEOS_DEPLOYMENT_TARGET = 14.4;
				MTL_ENABLE_DEBUG_INFO = INCLUDE_SOURCE;
				MTL_FAST_MATH = YES;
				ONLY_ACTIVE_ARCH = YES;
				SDKROOT = iphoneos;
				SWIFT_ACTIVE_COMPILATION_CONDITIONS = DEBUG;
				SWIFT_OPTIMIZATION_LEVEL = "-Onone";
			};
			name = Debug;
		};
		AB0403C526C3BC58007FEBD7 /* Release */ = {
			isa = XCBuildConfiguration;
			buildSettings = {
				ALWAYS_SEARCH_USER_PATHS = NO;
				CLANG_ANALYZER_NONNULL = YES;
				CLANG_ANALYZER_NUMBER_OBJECT_CONVERSION = YES_AGGRESSIVE;
				CLANG_CXX_LANGUAGE_STANDARD = "gnu++14";
				CLANG_CXX_LIBRARY = "libc++";
				CLANG_ENABLE_MODULES = YES;
				CLANG_ENABLE_OBJC_ARC = YES;
				CLANG_ENABLE_OBJC_WEAK = YES;
				CLANG_WARN_BLOCK_CAPTURE_AUTORELEASING = YES;
				CLANG_WARN_BOOL_CONVERSION = YES;
				CLANG_WARN_COMMA = YES;
				CLANG_WARN_CONSTANT_CONVERSION = YES;
				CLANG_WARN_DEPRECATED_OBJC_IMPLEMENTATIONS = YES;
				CLANG_WARN_DIRECT_OBJC_ISA_USAGE = YES_ERROR;
				CLANG_WARN_DOCUMENTATION_COMMENTS = YES;
				CLANG_WARN_EMPTY_BODY = YES;
				CLANG_WARN_ENUM_CONVERSION = YES;
				CLANG_WARN_INFINITE_RECURSION = YES;
				CLANG_WARN_INT_CONVERSION = YES;
				CLANG_WARN_NON_LITERAL_NULL_CONVERSION = YES;
				CLANG_WARN_OBJC_IMPLICIT_RETAIN_SELF = YES;
				CLANG_WARN_OBJC_LITERAL_CONVERSION = YES;
				CLANG_WARN_OBJC_ROOT_CLASS = YES_ERROR;
				CLANG_WARN_QUOTED_INCLUDE_IN_FRAMEWORK_HEADER = YES;
				CLANG_WARN_RANGE_LOOP_ANALYSIS = YES;
				CLANG_WARN_STRICT_PROTOTYPES = YES;
				CLANG_WARN_SUSPICIOUS_MOVE = YES;
				CLANG_WARN_UNGUARDED_AVAILABILITY = YES_AGGRESSIVE;
				CLANG_WARN_UNREACHABLE_CODE = YES;
				CLANG_WARN__DUPLICATE_METHOD_MATCH = YES;
				COPY_PHASE_STRIP = NO;
				DEBUG_INFORMATION_FORMAT = "dwarf-with-dsym";
				ENABLE_NS_ASSERTIONS = NO;
				ENABLE_STRICT_OBJC_MSGSEND = YES;
				GCC_C_LANGUAGE_STANDARD = gnu11;
				GCC_NO_COMMON_BLOCKS = YES;
				GCC_WARN_64_TO_32_BIT_CONVERSION = YES;
				GCC_WARN_ABOUT_RETURN_TYPE = YES_ERROR;
				GCC_WARN_UNDECLARED_SELECTOR = YES;
				GCC_WARN_UNINITIALIZED_AUTOS = YES_AGGRESSIVE;
				GCC_WARN_UNUSED_FUNCTION = YES;
				GCC_WARN_UNUSED_VARIABLE = YES;
				IPHONEOS_DEPLOYMENT_TARGET = 14.4;
				MTL_ENABLE_DEBUG_INFO = NO;
				MTL_FAST_MATH = YES;
				SDKROOT = iphoneos;
				SWIFT_COMPILATION_MODE = wholemodule;
				SWIFT_OPTIMIZATION_LEVEL = "-O";
				VALIDATE_PRODUCT = YES;
			};
			name = Release;
		};
		AB0403C726C3BC58007FEBD7 /* Debug */ = {
			isa = XCBuildConfiguration;
			buildSettings = {
				ASSETCATALOG_COMPILER_APPICON_NAME = AppIcon;
				ASSETCATALOG_COMPILER_GLOBAL_ACCENT_COLOR_NAME = AccentColor;
				CODE_SIGN_STYLE = Automatic;
				DEVELOPMENT_TEAM = 2KRRAMT3WK;
				INFOPLIST_FILE = CurrencyListTest/SupportingFiles/Info.plist;
				IPHONEOS_DEPLOYMENT_TARGET = 12.1;
				LD_RUNPATH_SEARCH_PATHS = (
					"$(inherited)",
					"@executable_path/Frameworks",
				);
				PRODUCT_BUNDLE_IDENTIFIER = com.neosoft.CurrencyListTest;
				PRODUCT_NAME = "$(TARGET_NAME)";
				SWIFT_VERSION = 5.0;
				TARGETED_DEVICE_FAMILY = 1;
			};
			name = Debug;
		};
		AB0403C826C3BC58007FEBD7 /* Release */ = {
			isa = XCBuildConfiguration;
			buildSettings = {
				ASSETCATALOG_COMPILER_APPICON_NAME = AppIcon;
				ASSETCATALOG_COMPILER_GLOBAL_ACCENT_COLOR_NAME = AccentColor;
				CODE_SIGN_STYLE = Automatic;
				DEVELOPMENT_TEAM = 2KRRAMT3WK;
				INFOPLIST_FILE = CurrencyListTest/SupportingFiles/Info.plist;
				IPHONEOS_DEPLOYMENT_TARGET = 12.1;
				LD_RUNPATH_SEARCH_PATHS = (
					"$(inherited)",
					"@executable_path/Frameworks",
				);
				PRODUCT_BUNDLE_IDENTIFIER = com.neosoft.CurrencyListTest;
				PRODUCT_NAME = "$(TARGET_NAME)";
				SWIFT_VERSION = 5.0;
				TARGETED_DEVICE_FAMILY = 1;
			};
			name = Release;
		};
/* End XCBuildConfiguration section */

/* Begin XCConfigurationList section */
		AB0403AD26C3BC56007FEBD7 /* Build configuration list for PBXProject "CurrencyListTest" */ = {
			isa = XCConfigurationList;
			buildConfigurations = (
				AB0403C426C3BC58007FEBD7 /* Debug */,
				AB0403C526C3BC58007FEBD7 /* Release */,
			);
			defaultConfigurationIsVisible = 0;
			defaultConfigurationName = Release;
		};
		AB0403C626C3BC58007FEBD7 /* Build configuration list for PBXNativeTarget "CurrencyListTest" */ = {
			isa = XCConfigurationList;
			buildConfigurations = (
				AB0403C726C3BC58007FEBD7 /* Debug */,
				AB0403C826C3BC58007FEBD7 /* Release */,
			);
			defaultConfigurationIsVisible = 0;
			defaultConfigurationName = Release;
		};
/* End XCConfigurationList section */
	};
	rootObject = AB0403AA26C3BC56007FEBD7 /* Project object */;
}
